// !$*UTF8*$!
{
	archiveVersion = 1;
	classes = {
	};
	objectVersion = 46;
	objects = {

/* Begin PBXBuildFile section */
		2A1F8CA86412DF2F29D643DB /* Pods_NPOProject.framework in Frameworks */ = {isa = PBXBuildFile; fileRef = 385A080D9B78CE525E69D596 /* Pods_NPOProject.framework */; };
		840AE8AA1EBAFFC300F3E51A /* MessageViewController.swift in Sources */ = {isa = PBXBuildFile; fileRef = 840AE8A91EBAFFC300F3E51A /* MessageViewController.swift */; };
		840AE8AC1EBB025E00F3E51A /* MessageTableViewCell.swift in Sources */ = {isa = PBXBuildFile; fileRef = 840AE8AB1EBB025E00F3E51A /* MessageTableViewCell.swift */; };
		840AE8B01EBC2F5400F3E51A /* Temp.swift in Sources */ = {isa = PBXBuildFile; fileRef = 840AE8AF1EBC2F5400F3E51A /* Temp.swift */; };
		840AE8B21EBC90BC00F3E51A /* ProjectTableViewController.swift in Sources */ = {isa = PBXBuildFile; fileRef = 840AE8B11EBC90BC00F3E51A /* ProjectTableViewController.swift */; };
		840AE8B41EBC9E1600F3E51A /* ProjectTableViewCell.swift in Sources */ = {isa = PBXBuildFile; fileRef = 840AE8B31EBC9E1600F3E51A /* ProjectTableViewCell.swift */; };
		840AE8B61EBC9E2500F3E51A /* ProjectDetailTableViewCell.swift in Sources */ = {isa = PBXBuildFile; fileRef = 840AE8B51EBC9E2500F3E51A /* ProjectDetailTableViewCell.swift */; };
		840AE8B81EBCA6F400F3E51A /* ProjectData.swift in Sources */ = {isa = PBXBuildFile; fileRef = 840AE8B71EBCA6F400F3E51A /* ProjectData.swift */; };
		840AE8BA1EBCB06E00F3E51A /* ProjectDonateTableViewCell.swift in Sources */ = {isa = PBXBuildFile; fileRef = 840AE8B91EBCB06E00F3E51A /* ProjectDonateTableViewCell.swift */; };
		840AE8BC1EBCB3A000F3E51A /* ProjectClassTableViewController.swift in Sources */ = {isa = PBXBuildFile; fileRef = 840AE8BB1EBCB3A000F3E51A /* ProjectClassTableViewController.swift */; };
		840AE8C01EBD933B00F3E51A /* ProjectContentTableViewController.swift in Sources */ = {isa = PBXBuildFile; fileRef = 840AE8BF1EBD933A00F3E51A /* ProjectContentTableViewController.swift */; };
		840AE8C21EBEFCB300F3E51A /* TimeCaculate.swift in Sources */ = {isa = PBXBuildFile; fileRef = 840AE8C11EBEFCB300F3E51A /* TimeCaculate.swift */; };
		842180DE1ECE110600969990 /* GoogleService-Info.plist in Resources */ = {isa = PBXBuildFile; fileRef = 842180DD1ECE110600969990 /* GoogleService-Info.plist */; };
		846FC6D21EB70E94008C5C91 /* Video.storyboard in Resources */ = {isa = PBXBuildFile; fileRef = 846FC6D11EB70E94008C5C91 /* Video.storyboard */; };
		846FC6D61EB72192008C5C91 /* VideoTableViewCell.swift in Sources */ = {isa = PBXBuildFile; fileRef = 846FC6D51EB72192008C5C91 /* VideoTableViewCell.swift */; };
		846FC6D81EB721F2008C5C91 /* VideoTableViewController.swift in Sources */ = {isa = PBXBuildFile; fileRef = 846FC6D71EB721F2008C5C91 /* VideoTableViewController.swift */; };
		846FC6DA1EB723A8008C5C91 /* VideoModel.swift in Sources */ = {isa = PBXBuildFile; fileRef = 846FC6D91EB723A8008C5C91 /* VideoModel.swift */; };
		846FC6DC1EB81A25008C5C91 /* SigninViewController.swift in Sources */ = {isa = PBXBuildFile; fileRef = 846FC6DB1EB81A25008C5C91 /* SigninViewController.swift */; };
		846FC6DE1EB82240008C5C91 /* Story.swift in Sources */ = {isa = PBXBuildFile; fileRef = 846FC6DD1EB82240008C5C91 /* Story.swift */; };
		846FC6E11EB845BD008C5C91 /* Donate.storyboard in Resources */ = {isa = PBXBuildFile; fileRef = 846FC6E01EB845BD008C5C91 /* Donate.storyboard */; };
		846FC6E31EB84683008C5C91 /* DonateTableViewController.swift in Sources */ = {isa = PBXBuildFile; fileRef = 846FC6E21EB84683008C5C91 /* DonateTableViewController.swift */; };
		846FC6E71EB85312008C5C91 /* DetailTableViewController.swift in Sources */ = {isa = PBXBuildFile; fileRef = 846FC6E61EB85312008C5C91 /* DetailTableViewController.swift */; };
		846FC6EB1EB8591A008C5C91 /* AboutUsTableViewController.swift in Sources */ = {isa = PBXBuildFile; fileRef = 846FC6EA1EB8591A008C5C91 /* AboutUsTableViewController.swift */; };
		846FC6ED1EB85A2F008C5C91 /* AboutUsTableViewCell.swift in Sources */ = {isa = PBXBuildFile; fileRef = 846FC6EC1EB85A2F008C5C91 /* AboutUsTableViewCell.swift */; };
		846FC6EF1EB8620C008C5C91 /* About.swift in Sources */ = {isa = PBXBuildFile; fileRef = 846FC6EE1EB8620C008C5C91 /* About.swift */; };
		846FC6F51EB8D8CE008C5C91 /* StoryTableViewController.swift in Sources */ = {isa = PBXBuildFile; fileRef = 846FC6F41EB8D8CE008C5C91 /* StoryTableViewController.swift */; };
		846FC6F71EB8DD58008C5C91 /* StoryOneTableViewCell.swift in Sources */ = {isa = PBXBuildFile; fileRef = 846FC6F61EB8DD58008C5C91 /* StoryOneTableViewCell.swift */; };
		846FC6F91EB8DD66008C5C91 /* StoryTwoTableViewCell.swift in Sources */ = {isa = PBXBuildFile; fileRef = 846FC6F81EB8DD66008C5C91 /* StoryTwoTableViewCell.swift */; };
		847E15DC1EB045520028C6C5 /* AppDelegate.swift in Sources */ = {isa = PBXBuildFile; fileRef = 847E15DB1EB045520028C6C5 /* AppDelegate.swift */; };
		847E15E11EB045520028C6C5 /* Main.storyboard in Resources */ = {isa = PBXBuildFile; fileRef = 847E15DF1EB045520028C6C5 /* Main.storyboard */; };
		847E15E31EB045520028C6C5 /* Assets.xcassets in Resources */ = {isa = PBXBuildFile; fileRef = 847E15E21EB045520028C6C5 /* Assets.xcassets */; };
		847E15E61EB045520028C6C5 /* LaunchScreen.storyboard in Resources */ = {isa = PBXBuildFile; fileRef = 847E15E41EB045520028C6C5 /* LaunchScreen.storyboard */; };
		847E15F01EB0458B0028C6C5 /* ViewController.swift in Sources */ = {isa = PBXBuildFile; fileRef = 847E15ED1EB0458B0028C6C5 /* ViewController.swift */; };
		847E15F11EB0458B0028C6C5 /* StickyCollectionViewFlowLayout.swift in Sources */ = {isa = PBXBuildFile; fileRef = 847E15EE1EB0458B0028C6C5 /* StickyCollectionViewFlowLayout.swift */; };
		847E15F21EB0458B0028C6C5 /* PrimerCell.swift in Sources */ = {isa = PBXBuildFile; fileRef = 847E15EF1EB0458B0028C6C5 /* PrimerCell.swift */; };
		847E15FA1EB04BB30028C6C5 /* Login.storyboard in Resources */ = {isa = PBXBuildFile; fileRef = 847E15F91EB04BB30028C6C5 /* Login.storyboard */; };
		847E15FC1EB04CAC0028C6C5 /* LoginViewController.swift in Sources */ = {isa = PBXBuildFile; fileRef = 847E15FB1EB04CAC0028C6C5 /* LoginViewController.swift */; };
		847E15FE1EB04CD20028C6C5 /* Notif.storyboard in Resources */ = {isa = PBXBuildFile; fileRef = 847E15FD1EB04CD20028C6C5 /* Notif.storyboard */; };
		847E16001EB04DBA0028C6C5 /* NotifViewController.swift in Sources */ = {isa = PBXBuildFile; fileRef = 847E15FF1EB04DBA0028C6C5 /* NotifViewController.swift */; };
/* End PBXBuildFile section */

/* Begin PBXFileReference section */
		0F357E38559EC85239B7CCE0 /* Pods-NPOProject.release.xcconfig */ = {isa = PBXFileReference; includeInIndex = 1; lastKnownFileType = text.xcconfig; name = "Pods-NPOProject.release.xcconfig"; path = "Pods/Target Support Files/Pods-NPOProject/Pods-NPOProject.release.xcconfig"; sourceTree = "<group>"; };
		385A080D9B78CE525E69D596 /* Pods_NPOProject.framework */ = {isa = PBXFileReference; explicitFileType = wrapper.framework; includeInIndex = 0; path = Pods_NPOProject.framework; sourceTree = BUILT_PRODUCTS_DIR; };
		840AE8A91EBAFFC300F3E51A /* MessageViewController.swift */ = {isa = PBXFileReference; fileEncoding = 4; lastKnownFileType = sourcecode.swift; path = MessageViewController.swift; sourceTree = "<group>"; };
		840AE8AB1EBB025E00F3E51A /* MessageTableViewCell.swift */ = {isa = PBXFileReference; fileEncoding = 4; lastKnownFileType = sourcecode.swift; path = MessageTableViewCell.swift; sourceTree = "<group>"; };
		840AE8AF1EBC2F5400F3E51A /* Temp.swift */ = {isa = PBXFileReference; fileEncoding = 4; lastKnownFileType = sourcecode.swift; path = Temp.swift; sourceTree = "<group>"; };
		840AE8B11EBC90BC00F3E51A /* ProjectTableViewController.swift */ = {isa = PBXFileReference; fileEncoding = 4; lastKnownFileType = sourcecode.swift; path = ProjectTableViewController.swift; sourceTree = "<group>"; };
		840AE8B31EBC9E1600F3E51A /* ProjectTableViewCell.swift */ = {isa = PBXFileReference; fileEncoding = 4; lastKnownFileType = sourcecode.swift; path = ProjectTableViewCell.swift; sourceTree = "<group>"; };
		840AE8B51EBC9E2500F3E51A /* ProjectDetailTableViewCell.swift */ = {isa = PBXFileReference; fileEncoding = 4; lastKnownFileType = sourcecode.swift; path = ProjectDetailTableViewCell.swift; sourceTree = "<group>"; };
		840AE8B71EBCA6F400F3E51A /* ProjectData.swift */ = {isa = PBXFileReference; fileEncoding = 4; lastKnownFileType = sourcecode.swift; path = ProjectData.swift; sourceTree = "<group>"; };
		840AE8B91EBCB06E00F3E51A /* ProjectDonateTableViewCell.swift */ = {isa = PBXFileReference; fileEncoding = 4; lastKnownFileType = sourcecode.swift; path = ProjectDonateTableViewCell.swift; sourceTree = "<group>"; };
		840AE8BB1EBCB3A000F3E51A /* ProjectClassTableViewController.swift */ = {isa = PBXFileReference; fileEncoding = 4; lastKnownFileType = sourcecode.swift; path = ProjectClassTableViewController.swift; sourceTree = "<group>"; };
		840AE8BF1EBD933A00F3E51A /* ProjectContentTableViewController.swift */ = {isa = PBXFileReference; fileEncoding = 4; lastKnownFileType = sourcecode.swift; path = ProjectContentTableViewController.swift; sourceTree = "<group>"; };
		840AE8C11EBEFCB300F3E51A /* TimeCaculate.swift */ = {isa = PBXFileReference; fileEncoding = 4; lastKnownFileType = sourcecode.swift; path = TimeCaculate.swift; sourceTree = "<group>"; };
		842180DD1ECE110600969990 /* GoogleService-Info.plist */ = {isa = PBXFileReference; fileEncoding = 4; lastKnownFileType = text.plist.xml; path = "GoogleService-Info.plist"; sourceTree = "<group>"; };
		846FC6D11EB70E94008C5C91 /* Video.storyboard */ = {isa = PBXFileReference; fileEncoding = 4; lastKnownFileType = file.storyboard; path = Video.storyboard; sourceTree = "<group>"; };
		846FC6D51EB72192008C5C91 /* VideoTableViewCell.swift */ = {isa = PBXFileReference; fileEncoding = 4; lastKnownFileType = sourcecode.swift; path = VideoTableViewCell.swift; sourceTree = "<group>"; };
		846FC6D71EB721F2008C5C91 /* VideoTableViewController.swift */ = {isa = PBXFileReference; fileEncoding = 4; lastKnownFileType = sourcecode.swift; path = VideoTableViewController.swift; sourceTree = "<group>"; };
		846FC6D91EB723A8008C5C91 /* VideoModel.swift */ = {isa = PBXFileReference; fileEncoding = 4; lastKnownFileType = sourcecode.swift; path = VideoModel.swift; sourceTree = "<group>"; };
		846FC6DB1EB81A25008C5C91 /* SigninViewController.swift */ = {isa = PBXFileReference; fileEncoding = 4; lastKnownFileType = sourcecode.swift; path = SigninViewController.swift; sourceTree = "<group>"; };
		846FC6DD1EB82240008C5C91 /* Story.swift */ = {isa = PBXFileReference; fileEncoding = 4; lastKnownFileType = sourcecode.swift; path = Story.swift; sourceTree = "<group>"; };
		846FC6E01EB845BD008C5C91 /* Donate.storyboard */ = {isa = PBXFileReference; fileEncoding = 4; lastKnownFileType = file.storyboard; path = Donate.storyboard; sourceTree = "<group>"; };
		846FC6E21EB84683008C5C91 /* DonateTableViewController.swift */ = {isa = PBXFileReference; fileEncoding = 4; lastKnownFileType = sourcecode.swift; path = DonateTableViewController.swift; sourceTree = "<group>"; };
		846FC6E61EB85312008C5C91 /* DetailTableViewController.swift */ = {isa = PBXFileReference; fileEncoding = 4; lastKnownFileType = sourcecode.swift; path = DetailTableViewController.swift; sourceTree = "<group>"; };
		846FC6EA1EB8591A008C5C91 /* AboutUsTableViewController.swift */ = {isa = PBXFileReference; fileEncoding = 4; lastKnownFileType = sourcecode.swift; path = AboutUsTableViewController.swift; sourceTree = "<group>"; };
		846FC6EC1EB85A2F008C5C91 /* AboutUsTableViewCell.swift */ = {isa = PBXFileReference; fileEncoding = 4; lastKnownFileType = sourcecode.swift; path = AboutUsTableViewCell.swift; sourceTree = "<group>"; };
		846FC6EE1EB8620C008C5C91 /* About.swift */ = {isa = PBXFileReference; fileEncoding = 4; lastKnownFileType = sourcecode.swift; path = About.swift; sourceTree = "<group>"; };
		846FC6F41EB8D8CE008C5C91 /* StoryTableViewController.swift */ = {isa = PBXFileReference; fileEncoding = 4; lastKnownFileType = sourcecode.swift; path = StoryTableViewController.swift; sourceTree = "<group>"; };
		846FC6F61EB8DD58008C5C91 /* StoryOneTableViewCell.swift */ = {isa = PBXFileReference; fileEncoding = 4; lastKnownFileType = sourcecode.swift; path = StoryOneTableViewCell.swift; sourceTree = "<group>"; };
		846FC6F81EB8DD66008C5C91 /* StoryTwoTableViewCell.swift */ = {isa = PBXFileReference; fileEncoding = 4; lastKnownFileType = sourcecode.swift; path = StoryTwoTableViewCell.swift; sourceTree = "<group>"; };
		847E15D81EB045520028C6C5 /* NPOProject.app */ = {isa = PBXFileReference; explicitFileType = wrapper.application; includeInIndex = 0; path = NPOProject.app; sourceTree = BUILT_PRODUCTS_DIR; };
		847E15DB1EB045520028C6C5 /* AppDelegate.swift */ = {isa = PBXFileReference; lastKnownFileType = sourcecode.swift; path = AppDelegate.swift; sourceTree = "<group>"; };
		847E15E01EB045520028C6C5 /* Base */ = {isa = PBXFileReference; lastKnownFileType = file.storyboard; name = Base; path = Base.lproj/Main.storyboard; sourceTree = "<group>"; };
		847E15E21EB045520028C6C5 /* Assets.xcassets */ = {isa = PBXFileReference; lastKnownFileType = folder.assetcatalog; path = Assets.xcassets; sourceTree = "<group>"; };
		847E15E51EB045520028C6C5 /* Base */ = {isa = PBXFileReference; lastKnownFileType = file.storyboard; name = Base; path = Base.lproj/LaunchScreen.storyboard; sourceTree = "<group>"; };
		847E15E71EB045520028C6C5 /* Info.plist */ = {isa = PBXFileReference; lastKnownFileType = text.plist.xml; path = Info.plist; sourceTree = "<group>"; };
		847E15ED1EB0458B0028C6C5 /* ViewController.swift */ = {isa = PBXFileReference; fileEncoding = 4; lastKnownFileType = sourcecode.swift; path = ViewController.swift; sourceTree = "<group>"; };
		847E15EE1EB0458B0028C6C5 /* StickyCollectionViewFlowLayout.swift */ = {isa = PBXFileReference; fileEncoding = 4; lastKnownFileType = sourcecode.swift; path = StickyCollectionViewFlowLayout.swift; sourceTree = "<group>"; };
		847E15EF1EB0458B0028C6C5 /* PrimerCell.swift */ = {isa = PBXFileReference; fileEncoding = 4; lastKnownFileType = sourcecode.swift; path = PrimerCell.swift; sourceTree = "<group>"; };
		847E15F91EB04BB30028C6C5 /* Login.storyboard */ = {isa = PBXFileReference; fileEncoding = 4; lastKnownFileType = file.storyboard; path = Login.storyboard; sourceTree = "<group>"; };
		847E15FB1EB04CAC0028C6C5 /* LoginViewController.swift */ = {isa = PBXFileReference; fileEncoding = 4; lastKnownFileType = sourcecode.swift; path = LoginViewController.swift; sourceTree = "<group>"; };
		847E15FD1EB04CD20028C6C5 /* Notif.storyboard */ = {isa = PBXFileReference; fileEncoding = 4; lastKnownFileType = file.storyboard; path = Notif.storyboard; sourceTree = "<group>"; };
		847E15FF1EB04DBA0028C6C5 /* NotifViewController.swift */ = {isa = PBXFileReference; fileEncoding = 4; lastKnownFileType = sourcecode.swift; path = NotifViewController.swift; sourceTree = "<group>"; };
		85507CE63CAD7EE5BE037A70 /* Pods-NPOProject.debug.xcconfig */ = {isa = PBXFileReference; includeInIndex = 1; lastKnownFileType = text.xcconfig; name = "Pods-NPOProject.debug.xcconfig"; path = "Pods/Target Support Files/Pods-NPOProject/Pods-NPOProject.debug.xcconfig"; sourceTree = "<group>"; };
/* End PBXFileReference section */

/* Begin PBXFrameworksBuildPhase section */
		847E15D51EB045520028C6C5 /* Frameworks */ = {
			isa = PBXFrameworksBuildPhase;
			buildActionMask = 2147483647;
			files = (
				2A1F8CA86412DF2F29D643DB /* Pods_NPOProject.framework in Frameworks */,
			);
			runOnlyForDeploymentPostprocessing = 0;
		};
/* End PBXFrameworksBuildPhase section */

/* Begin PBXGroup section */
		5E04B34AD1A8047797E58189 /* Frameworks */ = {
			isa = PBXGroup;
			children = (
				385A080D9B78CE525E69D596 /* Pods_NPOProject.framework */,
			);
			name = Frameworks;
			sourceTree = "<group>";
		};
		846FC6D01EB70E7D008C5C91 /* Video */ = {
			isa = PBXGroup;
			children = (
				846FC6D11EB70E94008C5C91 /* Video.storyboard */,
				846FC6D71EB721F2008C5C91 /* VideoTableViewController.swift */,
				846FC6D51EB72192008C5C91 /* VideoTableViewCell.swift */,
				846FC6D91EB723A8008C5C91 /* VideoModel.swift */,
			);
			name = Video;
			sourceTree = "<group>";
		};
		846FC6DF1EB84593008C5C91 /* Donate */ = {
			isa = PBXGroup;
			children = (
				846FC6E01EB845BD008C5C91 /* Donate.storyboard */,
				846FC6E21EB84683008C5C91 /* DonateTableViewController.swift */,
				840AE8BB1EBCB3A000F3E51A /* ProjectClassTableViewController.swift */,
				840AE8B11EBC90BC00F3E51A /* ProjectTableViewController.swift */,
				840AE8B31EBC9E1600F3E51A /* ProjectTableViewCell.swift */,
				840AE8B51EBC9E2500F3E51A /* ProjectDetailTableViewCell.swift */,
				840AE8B91EBCB06E00F3E51A /* ProjectDonateTableViewCell.swift */,
				840AE8BF1EBD933A00F3E51A /* ProjectContentTableViewController.swift */,
				840AE8B71EBCA6F400F3E51A /* ProjectData.swift */,
			);
			name = Donate;
			sourceTree = "<group>";
		};
		847E15CF1EB045520028C6C5 = {
			isa = PBXGroup;
			children = (
				847E15DA1EB045520028C6C5 /* NPOProject */,
				847E15D91EB045520028C6C5 /* Products */,
				B2414C46AE4C7EAD17A2A117 /* Pods */,
				5E04B34AD1A8047797E58189 /* Frameworks */,
			);
			sourceTree = "<group>";
		};
		847E15D91EB045520028C6C5 /* Products */ = {
			isa = PBXGroup;
			children = (
				847E15D81EB045520028C6C5 /* NPOProject.app */,
			);
			name = Products;
			sourceTree = "<group>";
		};
		847E15DA1EB045520028C6C5 /* NPOProject */ = {
			isa = PBXGroup;
			children = (
				847E15DB1EB045520028C6C5 /* AppDelegate.swift */,
				847E15F31EB046CF0028C6C5 /* Main */,
				846FC6DF1EB84593008C5C91 /* Donate */,
				846FC6D01EB70E7D008C5C91 /* Video */,
				847E15F81EB04B920028C6C5 /* Notif */,
				847E15F71EB04B770028C6C5 /* Login */,
				847E15E41EB045520028C6C5 /* LaunchScreen.storyboard */,
				847E15E21EB045520028C6C5 /* Assets.xcassets */,
				847E15E71EB045520028C6C5 /* Info.plist */,
				842180DD1ECE110600969990 /* GoogleService-Info.plist */,
			);
			path = NPOProject;
			sourceTree = "<group>";
		};
		847E15F31EB046CF0028C6C5 /* Main */ = {
			isa = PBXGroup;
			children = (
				847E15DF1EB045520028C6C5 /* Main.storyboard */,
				847E15ED1EB0458B0028C6C5 /* ViewController.swift */,
				847E15EE1EB0458B0028C6C5 /* StickyCollectionViewFlowLayout.swift */,
				847E15EF1EB0458B0028C6C5 /* PrimerCell.swift */,
				846FC6E61EB85312008C5C91 /* DetailTableViewController.swift */,
				846FC6F41EB8D8CE008C5C91 /* StoryTableViewController.swift */,
				846FC6F61EB8DD58008C5C91 /* StoryOneTableViewCell.swift */,
				846FC6F81EB8DD66008C5C91 /* StoryTwoTableViewCell.swift */,
				840AE8A91EBAFFC300F3E51A /* MessageViewController.swift */,
				840AE8AB1EBB025E00F3E51A /* MessageTableViewCell.swift */,
				846FC6DD1EB82240008C5C91 /* Story.swift */,
				840AE8AF1EBC2F5400F3E51A /* Temp.swift */,
				840AE8C11EBEFCB300F3E51A /* TimeCaculate.swift */,
			);
			name = Main;
			sourceTree = "<group>";
		};
		847E15F71EB04B770028C6C5 /* Login */ = {
			isa = PBXGroup;
			children = (
				847E15F91EB04BB30028C6C5 /* Login.storyboard */,
				847E15FB1EB04CAC0028C6C5 /* LoginViewController.swift */,
				846FC6DB1EB81A25008C5C91 /* SigninViewController.swift */,
			);
			name = Login;
			sourceTree = "<group>";
		};
		847E15F81EB04B920028C6C5 /* Notif */ = {
			isa = PBXGroup;
			children = (
				847E15FD1EB04CD20028C6C5 /* Notif.storyboard */,
				847E15FF1EB04DBA0028C6C5 /* NotifViewController.swift */,
				846FC6EA1EB8591A008C5C91 /* AboutUsTableViewController.swift */,
				846FC6EC1EB85A2F008C5C91 /* AboutUsTableViewCell.swift */,
				846FC6EE1EB8620C008C5C91 /* About.swift */,
			);
			name = Notif;
			sourceTree = "<group>";
		};
		B2414C46AE4C7EAD17A2A117 /* Pods */ = {
			isa = PBXGroup;
			children = (
				85507CE63CAD7EE5BE037A70 /* Pods-NPOProject.debug.xcconfig */,
				0F357E38559EC85239B7CCE0 /* Pods-NPOProject.release.xcconfig */,
			);
			name = Pods;
			sourceTree = "<group>";
		};
/* End PBXGroup section */

/* Begin PBXNativeTarget section */
		847E15D71EB045520028C6C5 /* NPOProject */ = {
			isa = PBXNativeTarget;
			buildConfigurationList = 847E15EA1EB045520028C6C5 /* Build configuration list for PBXNativeTarget "NPOProject" */;
			buildPhases = (
				80F7FF05BE7D39079771F2C4 /* [CP] Check Pods Manifest.lock */,
				847E15D41EB045520028C6C5 /* Sources */,
				847E15D51EB045520028C6C5 /* Frameworks */,
				847E15D61EB045520028C6C5 /* Resources */,
				BAE8E36B553EBBE7AEDF4CF4 /* [CP] Embed Pods Frameworks */,
				F27AF3F615BA74E055880567 /* [CP] Copy Pods Resources */,
			);
			buildRules = (
			);
			dependencies = (
			);
			name = NPOProject;
			productName = NPOProject;
			productReference = 847E15D81EB045520028C6C5 /* NPOProject.app */;
			productType = "com.apple.product-type.application";
		};
/* End PBXNativeTarget section */

/* Begin PBXProject section */
		847E15D01EB045520028C6C5 /* Project object */ = {
			isa = PBXProject;
			attributes = {
				LastSwiftUpdateCheck = 0830;
				LastUpgradeCheck = 0830;
				ORGANIZATIONNAME = "Cid Hsieh";
				TargetAttributes = {
					847E15D71EB045520028C6C5 = {
						CreatedOnToolsVersion = 8.3.2;
						DevelopmentTeam = 8H7X36TF25;
						ProvisioningStyle = Automatic;
					};
				};
			};
			buildConfigurationList = 847E15D31EB045520028C6C5 /* Build configuration list for PBXProject "NPOProject" */;
			compatibilityVersion = "Xcode 3.2";
			developmentRegion = English;
			hasScannedForEncodings = 0;
			knownRegions = (
				en,
				Base,
			);
			mainGroup = 847E15CF1EB045520028C6C5;
			productRefGroup = 847E15D91EB045520028C6C5 /* Products */;
			projectDirPath = "";
			projectRoot = "";
			targets = (
				847E15D71EB045520028C6C5 /* NPOProject */,
			);
		};
/* End PBXProject section */

/* Begin PBXResourcesBuildPhase section */
		847E15D61EB045520028C6C5 /* Resources */ = {
			isa = PBXResourcesBuildPhase;
			buildActionMask = 2147483647;
			files = (
				846FC6E11EB845BD008C5C91 /* Donate.storyboard in Resources */,
				842180DE1ECE110600969990 /* GoogleService-Info.plist in Resources */,
				847E15FA1EB04BB30028C6C5 /* Login.storyboard in Resources */,
				847E15E61EB045520028C6C5 /* LaunchScreen.storyboard in Resources */,
				846FC6D21EB70E94008C5C91 /* Video.storyboard in Resources */,
				847E15FE1EB04CD20028C6C5 /* Notif.storyboard in Resources */,
				847E15E31EB045520028C6C5 /* Assets.xcassets in Resources */,
				847E15E11EB045520028C6C5 /* Main.storyboard in Resources */,
			);
			runOnlyForDeploymentPostprocessing = 0;
		};
/* End PBXResourcesBuildPhase section */

/* Begin PBXShellScriptBuildPhase section */
		80F7FF05BE7D39079771F2C4 /* [CP] Check Pods Manifest.lock */ = {
			isa = PBXShellScriptBuildPhase;
			buildActionMask = 2147483647;
			files = (
			);
			inputPaths = (
			);
			name = "[CP] Check Pods Manifest.lock";
			outputPaths = (
			);
			runOnlyForDeploymentPostprocessing = 0;
			shellPath = /bin/sh;
			shellScript = "diff \"${PODS_ROOT}/../Podfile.lock\" \"${PODS_ROOT}/Manifest.lock\" > /dev/null\nif [ $? != 0 ] ; then\n    # print error to STDERR\n    echo \"error: The sandbox is not in sync with the Podfile.lock. Run 'pod install' or update your CocoaPods installation.\" >&2\n    exit 1\nfi\n";
			showEnvVarsInLog = 0;
		};
		BAE8E36B553EBBE7AEDF4CF4 /* [CP] Embed Pods Frameworks */ = {
			isa = PBXShellScriptBuildPhase;
			buildActionMask = 2147483647;
			files = (
			);
			inputPaths = (
			);
			name = "[CP] Embed Pods Frameworks";
			outputPaths = (
			);
			runOnlyForDeploymentPostprocessing = 0;
			shellPath = /bin/sh;
			shellScript = "\"${SRCROOT}/Pods/Target Support Files/Pods-NPOProject/Pods-NPOProject-frameworks.sh\"\n";
			showEnvVarsInLog = 0;
		};
		F27AF3F615BA74E055880567 /* [CP] Copy Pods Resources */ = {
			isa = PBXShellScriptBuildPhase;
			buildActionMask = 2147483647;
			files = (
			);
			inputPaths = (
			);
			name = "[CP] Copy Pods Resources";
			outputPaths = (
			);
			runOnlyForDeploymentPostprocessing = 0;
			shellPath = /bin/sh;
			shellScript = "\"${SRCROOT}/Pods/Target Support Files/Pods-NPOProject/Pods-NPOProject-resources.sh\"\n";
			showEnvVarsInLog = 0;
		};
/* End PBXShellScriptBuildPhase section */

/* Begin PBXSourcesBuildPhase section */
		847E15D41EB045520028C6C5 /* Sources */ = {
			isa = PBXSourcesBuildPhase;
			buildActionMask = 2147483647;
			files = (
				840AE8BC1EBCB3A000F3E51A /* ProjectClassTableViewController.swift in Sources */,
				846FC6D81EB721F2008C5C91 /* VideoTableViewController.swift in Sources */,
				840AE8C01EBD933B00F3E51A /* ProjectContentTableViewController.swift in Sources */,
				840AE8BA1EBCB06E00F3E51A /* ProjectDonateTableViewCell.swift in Sources */,
				847E15FC1EB04CAC0028C6C5 /* LoginViewController.swift in Sources */,
				847E15F01EB0458B0028C6C5 /* ViewController.swift in Sources */,
				840AE8B81EBCA6F400F3E51A /* ProjectData.swift in Sources */,
				846FC6DC1EB81A25008C5C91 /* SigninViewController.swift in Sources */,
				840AE8B21EBC90BC00F3E51A /* ProjectTableViewController.swift in Sources */,
				846FC6F71EB8DD58008C5C91 /* StoryOneTableViewCell.swift in Sources */,
				840AE8AC1EBB025E00F3E51A /* MessageTableViewCell.swift in Sources */,
				840AE8B41EBC9E1600F3E51A /* ProjectTableViewCell.swift in Sources */,
				847E15DC1EB045520028C6C5 /* AppDelegate.swift in Sources */,
				846FC6F51EB8D8CE008C5C91 /* StoryTableViewController.swift in Sources */,
				846FC6E31EB84683008C5C91 /* DonateTableViewController.swift in Sources */,
				846FC6F91EB8DD66008C5C91 /* StoryTwoTableViewCell.swift in Sources */,
				846FC6E71EB85312008C5C91 /* DetailTableViewController.swift in Sources */,
				840AE8B01EBC2F5400F3E51A /* Temp.swift in Sources */,
				846FC6D61EB72192008C5C91 /* VideoTableViewCell.swift in Sources */,
				840AE8B61EBC9E2500F3E51A /* ProjectDetailTableViewCell.swift in Sources */,
				846FC6DE1EB82240008C5C91 /* Story.swift in Sources */,
				846FC6DA1EB723A8008C5C91 /* VideoModel.swift in Sources */,
				846FC6ED1EB85A2F008C5C91 /* AboutUsTableViewCell.swift in Sources */,
				840AE8AA1EBAFFC300F3E51A /* MessageViewController.swift in Sources */,
				840AE8C21EBEFCB300F3E51A /* TimeCaculate.swift in Sources */,
				847E16001EB04DBA0028C6C5 /* NotifViewController.swift in Sources */,
				847E15F21EB0458B0028C6C5 /* PrimerCell.swift in Sources */,
				846FC6EB1EB8591A008C5C91 /* AboutUsTableViewController.swift in Sources */,
				846FC6EF1EB8620C008C5C91 /* About.swift in Sources */,
				847E15F11EB0458B0028C6C5 /* StickyCollectionViewFlowLayout.swift in Sources */,
			);
			runOnlyForDeploymentPostprocessing = 0;
		};
/* End PBXSourcesBuildPhase section */

/* Begin PBXVariantGroup section */
		847E15DF1EB045520028C6C5 /* Main.storyboard */ = {
			isa = PBXVariantGroup;
			children = (
				847E15E01EB045520028C6C5 /* Base */,
			);
			name = Main.storyboard;
			sourceTree = "<group>";
		};
		847E15E41EB045520028C6C5 /* LaunchScreen.storyboard */ = {
			isa = PBXVariantGroup;
			children = (
				847E15E51EB045520028C6C5 /* Base */,
			);
			name = LaunchScreen.storyboard;
			sourceTree = "<group>";
		};
/* End PBXVariantGroup section */

/* Begin XCBuildConfiguration section */
		847E15E81EB045520028C6C5 /* Debug */ = {
			isa = XCBuildConfiguration;
			buildSettings = {
				ALWAYS_SEARCH_USER_PATHS = NO;
				CLANG_ANALYZER_NONNULL = YES;
				CLANG_ANALYZER_NUMBER_OBJECT_CONVERSION = YES_AGGRESSIVE;
				CLANG_CXX_LANGUAGE_STANDARD = "gnu++0x";
				CLANG_CXX_LIBRARY = "libc++";
				CLANG_ENABLE_MODULES = YES;
				CLANG_ENABLE_OBJC_ARC = YES;
				CLANG_WARN_BOOL_CONVERSION = YES;
				CLANG_WARN_CONSTANT_CONVERSION = YES;
				CLANG_WARN_DIRECT_OBJC_ISA_USAGE = YES_ERROR;
				CLANG_WARN_DOCUMENTATION_COMMENTS = YES;
				CLANG_WARN_EMPTY_BODY = YES;
				CLANG_WARN_ENUM_CONVERSION = YES;
				CLANG_WARN_INFINITE_RECURSION = YES;
				CLANG_WARN_INT_CONVERSION = YES;
				CLANG_WARN_OBJC_ROOT_CLASS = YES_ERROR;
				CLANG_WARN_SUSPICIOUS_MOVE = YES;
				CLANG_WARN_UNREACHABLE_CODE = YES;
				CLANG_WARN__DUPLICATE_METHOD_MATCH = YES;
				"CODE_SIGN_IDENTITY[sdk=iphoneos*]" = "iPhone Developer";
				COPY_PHASE_STRIP = NO;
				DEBUG_INFORMATION_FORMAT = dwarf;
				ENABLE_STRICT_OBJC_MSGSEND = YES;
				ENABLE_TESTABILITY = YES;
				GCC_C_LANGUAGE_STANDARD = gnu99;
				GCC_DYNAMIC_NO_PIC = NO;
				GCC_NO_COMMON_BLOCKS = YES;
				GCC_OPTIMIZATION_LEVEL = 0;
				GCC_PREPROCESSOR_DEFINITIONS = (
					"DEBUG=1",
					"$(inherited)",
				);
				GCC_WARN_64_TO_32_BIT_CONVERSION = YES;
				GCC_WARN_ABOUT_RETURN_TYPE = YES_ERROR;
				GCC_WARN_UNDECLARED_SELECTOR = YES;
				GCC_WARN_UNINITIALIZED_AUTOS = YES_AGGRESSIVE;
				GCC_WARN_UNUSED_FUNCTION = YES;
				GCC_WARN_UNUSED_VARIABLE = YES;
				IPHONEOS_DEPLOYMENT_TARGET = 10.3;
				MTL_ENABLE_DEBUG_INFO = YES;
				ONLY_ACTIVE_ARCH = YES;
				SDKROOT = iphoneos;
				SWIFT_ACTIVE_COMPILATION_CONDITIONS = DEBUG;
				SWIFT_OPTIMIZATION_LEVEL = "-Onone";
				TARGETED_DEVICE_FAMILY = "1,2";
			};
			name = Debug;
		};
		847E15E91EB045520028C6C5 /* Release */ = {
			isa = XCBuildConfiguration;
			buildSettings = {
				ALWAYS_SEARCH_USER_PATHS = NO;
				CLANG_ANALYZER_NONNULL = YES;
				CLANG_ANALYZER_NUMBER_OBJECT_CONVERSION = YES_AGGRESSIVE;
				CLANG_CXX_LANGUAGE_STANDARD = "gnu++0x";
				CLANG_CXX_LIBRARY = "libc++";
				CLANG_ENABLE_MODULES = YES;
				CLANG_ENABLE_OBJC_ARC = YES;
				CLANG_WARN_BOOL_CONVERSION = YES;
				CLANG_WARN_CONSTANT_CONVERSION = YES;
				CLANG_WARN_DIRECT_OBJC_ISA_USAGE = YES_ERROR;
				CLANG_WARN_DOCUMENTATION_COMMENTS = YES;
				CLANG_WARN_EMPTY_BODY = YES;
				CLANG_WARN_ENUM_CONVERSION = YES;
				CLANG_WARN_INFINITE_RECURSION = YES;
				CLANG_WARN_INT_CONVERSION = YES;
				CLANG_WARN_OBJC_ROOT_CLASS = YES_ERROR;
				CLANG_WARN_SUSPICIOUS_MOVE = YES;
				CLANG_WARN_UNREACHABLE_CODE = YES;
				CLANG_WARN__DUPLICATE_METHOD_MATCH = YES;
				"CODE_SIGN_IDENTITY[sdk=iphoneos*]" = "iPhone Developer";
				COPY_PHASE_STRIP = NO;
				DEBUG_INFORMATION_FORMAT = "dwarf-with-dsym";
				ENABLE_NS_ASSERTIONS = NO;
				ENABLE_STRICT_OBJC_MSGSEND = YES;
				GCC_C_LANGUAGE_STANDARD = gnu99;
				GCC_NO_COMMON_BLOCKS = YES;
				GCC_WARN_64_TO_32_BIT_CONVERSION = YES;
				GCC_WARN_ABOUT_RETURN_TYPE = YES_ERROR;
				GCC_WARN_UNDECLARED_SELECTOR = YES;
				GCC_WARN_UNINITIALIZED_AUTOS = YES_AGGRESSIVE;
				GCC_WARN_UNUSED_FUNCTION = YES;
				GCC_WARN_UNUSED_VARIABLE = YES;
				IPHONEOS_DEPLOYMENT_TARGET = 10.3;
				MTL_ENABLE_DEBUG_INFO = NO;
				SDKROOT = iphoneos;
				SWIFT_OPTIMIZATION_LEVEL = "-Owholemodule";
				TARGETED_DEVICE_FAMILY = "1,2";
				VALIDATE_PRODUCT = YES;
			};
			name = Release;
		};
		847E15EB1EB045520028C6C5 /* Debug */ = {
			isa = XCBuildConfiguration;
			baseConfigurationReference = 85507CE63CAD7EE5BE037A70 /* Pods-NPOProject.debug.xcconfig */;
			buildSettings = {
				ASSETCATALOG_COMPILER_APPICON_NAME = AppIcon;
				DEVELOPMENT_TEAM = 8H7X36TF25;
				INFOPLIST_FILE = NPOProject/Info.plist;
				LD_RUNPATH_SEARCH_PATHS = "$(inherited) @executable_path/Frameworks";
				PRODUCT_BUNDLE_IDENTIFIER = com.CidHsieh.NPOProject;
				PRODUCT_NAME = "$(TARGET_NAME)";
				SWIFT_VERSION = 3.0;
			};
			name = Debug;
		};
		847E15EC1EB045520028C6C5 /* Release */ = {
			isa = XCBuildConfiguration;
			baseConfigurationReference = 0F357E38559EC85239B7CCE0 /* Pods-NPOProject.release.xcconfig */;
			buildSettings = {
				ASSETCATALOG_COMPILER_APPICON_NAME = AppIcon;
				DEVELOPMENT_TEAM = 8H7X36TF25;
				INFOPLIST_FILE = NPOProject/Info.plist;
				LD_RUNPATH_SEARCH_PATHS = "$(inherited) @executable_path/Frameworks";
				PRODUCT_BUNDLE_IDENTIFIER = com.CidHsieh.NPOProject;
				PRODUCT_NAME = "$(TARGET_NAME)";
				SWIFT_VERSION = 3.0;
			};
			name = Release;
		};
/* End XCBuildConfiguration section */

/* Begin XCConfigurationList section */
		847E15D31EB045520028C6C5 /* Build configuration list for PBXProject "NPOProject" */ = {
			isa = XCConfigurationList;
			buildConfigurations = (
				847E15E81EB045520028C6C5 /* Debug */,
				847E15E91EB045520028C6C5 /* Release */,
			);
			defaultConfigurationIsVisible = 0;
			defaultConfigurationName = Release;
		};
		847E15EA1EB045520028C6C5 /* Build configuration list for PBXNativeTarget "NPOProject" */ = {
			isa = XCConfigurationList;
			buildConfigurations = (
				847E15EB1EB045520028C6C5 /* Debug */,
				847E15EC1EB045520028C6C5 /* Release */,
			);
			defaultConfigurationIsVisible = 0;
			defaultConfigurationName = Release;
		};
/* End XCConfigurationList section */
	};
	rootObject = 847E15D01EB045520028C6C5 /* Project object */;
}
